
Microsoft Visual Studio Solution File, Format Version 12.00
# Visual Studio Version 16
VisualStudioVersion = 16.0.31624.102
MinimumVisualStudioVersion = 10.0.40219.1
Project("{FAE04EC0-301F-11D3-BF4B-00C04F79EFBC}") = "Drawing App", "Drawing App\Drawing App.csproj", "{10FCD2D7-E4E6-4237-AB66-6DD95A838E5B}"
EndProject
Global
	GlobalSection(SolutionConfigurationPlatforms) = preSolution
		Debug|Any CPU = Debug|Any CPU
		Release|Any CPU = Release|Any CPU
	EndGlobalSection
	GlobalSection(ProjectConfigurationPlatforms) = postSolution
		{10FCD2D7-E4E6-4237-AB66-6DD95A838E5B}.Debug|Any CPU.ActiveCfg = Debug|Any CPU
		{10FCD2D7-E4E6-4237-AB66-6DD95A838E5B}.Debug|Any CPU.Build.0 = Debug|Any CPU
		{10FCD2D7-E4E6-4237-AB66-6DD95A838E5B}.Release|Any CPU.ActiveCfg = Release|Any CPU
		{10FCD2D7-E4E6-4237-AB66-6DD95A838E5B}.Release|Any CPU.Build.0 = Release|Any CPU
	EndGlobalSection
	GlobalSection(SolutionProperties) = preSolution
		HideSolutionNode = FALSE
	EndGlobalSection
	GlobalSection(ExtensibilityGlobals) = postSolution
		SolutionGuid = {3AF0A7F6-0E67-4A64-89BF-9523641C737A}
	EndGlobalSection
EndGlobal
